
Microsoft Visual Studio Solution File, Format Version 12.00
# Visual Studio Version 17
VisualStudioVersion = 17.4.32916.344
MinimumVisualStudioVersion = 10.0.40219.1
Project("{FAE04EC0-301F-11D3-BF4B-00C04F79EFBC}") = "CRUDApplication", "CRUDApplication\CRUDApplication.csproj", "{8DB3996A-443B-4B9D-AD9A-5BE57D6819C1}"
EndProject
Global
	GlobalSection(SolutionConfigurationPlatforms) = preSolution
		Debug|Any CPU = Debug|Any CPU
		Release|Any CPU = Release|Any CPU
	EndGlobalSection
	GlobalSection(ProjectConfigurationPlatforms) = postSolution
		{8DB3996A-443B-4B9D-AD9A-5BE57D6819C1}.Debug|Any CPU.ActiveCfg = Debug|Any CPU
		{8DB3996A-443B-4B9D-AD9A-5BE57D6819C1}.Debug|Any CPU.Build.0 = Debug|Any CPU
		{8DB3996A-443B-4B9D-AD9A-5BE57D6819C1}.Release|Any CPU.ActiveCfg = Release|Any CPU
		{8DB3996A-443B-4B9D-AD9A-5BE57D6819C1}.Release|Any CPU.Build.0 = Release|Any CPU
	EndGlobalSection
	GlobalSection(SolutionProperties) = preSolution
		HideSolutionNode = FALSE
	EndGlobalSection
	GlobalSection(ExtensibilityGlobals) = postSolution
		SolutionGuid = {CBA4EB75-BEF6-4102-B243-7F5F6AA0F9F7}
	EndGlobalSection
EndGlobal
