
Microsoft Visual Studio Solution File, Format Version 12.00
# Visual Studio Version 17
VisualStudioVersion = 17.4.32916.344
MinimumVisualStudioVersion = 10.0.40219.1
Project("{FAE04EC0-301F-11D3-BF4B-00C04F79EFBC}") = "Using AJAX In ASP.NET MVC", "Using AJAX In ASP.NET MVC\Using AJAX In ASP.NET MVC.csproj", "{53FEBD8A-03BD-445E-BE06-08F222EE8FFF}"
EndProject
Global
	GlobalSection(SolutionConfigurationPlatforms) = preSolution
		Debug|Any CPU = Debug|Any CPU
		Release|Any CPU = Release|Any CPU
	EndGlobalSection
	GlobalSection(ProjectConfigurationPlatforms) = postSolution
		{53FEBD8A-03BD-445E-BE06-08F222EE8FFF}.Debug|Any CPU.ActiveCfg = Debug|Any CPU
		{53FEBD8A-03BD-445E-BE06-08F222EE8FFF}.Debug|Any CPU.Build.0 = Debug|Any CPU
		{53FEBD8A-03BD-445E-BE06-08F222EE8FFF}.Release|Any CPU.ActiveCfg = Release|Any CPU
		{53FEBD8A-03BD-445E-BE06-08F222EE8FFF}.Release|Any CPU.Build.0 = Release|Any CPU
	EndGlobalSection
	GlobalSection(SolutionProperties) = preSolution
		HideSolutionNode = FALSE
	EndGlobalSection
	GlobalSection(ExtensibilityGlobals) = postSolution
		SolutionGuid = {C7AA4D70-CA0C-42A0-A09E-DE1A0C61E9FE}
	EndGlobalSection
EndGlobal
